
Microsoft Visual Studio Solution File, Format Version 12.00
# Visual Studio 15
VisualStudioVersion = 15.0.27703.2026
MinimumVisualStudioVersion = 10.0.40219.1
Project("{8BC9CEB8-8B4A-11D0-8D11-00A0C91BC942}") = "BAuthServer", "BAuthServer.vcxproj", "{E773D8F3-F521-39A6-B70C-2E92D949A9FE}"
EndProject
Global
	GlobalSection(SolutionConfigurationPlatforms) = preSolution
		Debug|x64 = Debug|x64
		Release|x64 = Release|x64
	EndGlobalSection
	GlobalSection(ProjectConfigurationPlatforms) = postSolution
		{E773D8F3-F521-39A6-B70C-2E92D949A9FE}.Debug|x64.ActiveCfg = Debug|x64
		{E773D8F3-F521-39A6-B70C-2E92D949A9FE}.Debug|x64.Build.0 = Debug|x64
		{E773D8F3-F521-39A6-B70C-2E92D949A9FE}.Release|x64.ActiveCfg = Release|x64
		{E773D8F3-F521-39A6-B70C-2E92D949A9FE}.Release|x64.Build.0 = Release|x64
	EndGlobalSection
	GlobalSection(SolutionProperties) = preSolution
		HideSolutionNode = FALSE
	EndGlobalSection
	GlobalSection(ExtensibilityGlobals) = postSolution
		SolutionGuid = {412B71E2-41CA-46A2-823C-80F462427B6C}
	EndGlobalSection
EndGlobal
