<?xml version="1.0" encoding="utf-8"?>
<Project ToolsVersion="4.0" xmlns="http://schemas.microsoft.com/developer/msbuild/2003">
  <ItemGroup>
    <ClCompile Include="src\session.cpp">
      <Filter>src</Filter>
    </ClCompile>
    <ClCompile Include="src\main.cpp">
      <Filter>src</Filter>
    </ClCompile>
    <ClCompile Include="src\BGameServer.cpp">
      <Filter>src</Filter>
    </ClCompile>
    <ClCompile Include="src\Player.cpp">
      <Filter>src</Filter>
    </ClCompile>
    <ClCompile Include="src\sessionPacketHandler.cpp">
      <Filter>src</Filter>
    </ClCompile>
    <ClCompile Include="src\World\World.cpp">
      <Filter>src\World</Filter>
    </ClCompile>
    <ClCompile Include="src\World\Map.cpp">
      <Filter>src\World</Filter>
    </ClCompile>
  </ItemGroup>
  <ItemGroup>
    <ClInclude Include="src\Player.h">
      <Filter>src</Filter>
    </ClInclude>
    <ClInclude Include="src\World\Map.h">
      <Filter>src\World</Filter>
    </ClInclude>
    <ClInclude Include="src\World\World.h">
      <Filter>src\World</Filter>
    </ClInclude>
  </ItemGroup>
  <ItemGroup>
    <CustomBuild Include="debug\moc_predefs.h.cbt" />
    <CustomBuild Include="release\moc_predefs.h.cbt" />
  </ItemGroup>
  <ItemGroup>
    <None Include="BGameServer.pro" />
  </ItemGroup>
  <ItemGroup>
    <Filter Include="src">
      <UniqueIdentifier>{7b536f20-8196-4272-9097-0c86d929df1d}</UniqueIdentifier>
    </Filter>
    <Filter Include="src\World">
      <UniqueIdentifier>{76043278-c2e8-493c-b6b2-7c118e4c1793}</UniqueIdentifier>
    </Filter>
  </ItemGroup>
  <ItemGroup>
    <QtMoc Include="src\session.h">
      <Filter>src</Filter>
    </QtMoc>
    <QtMoc Include="src\BGameServer.h">
      <Filter>src</Filter>
    </QtMoc>
  </ItemGroup>
</Project>