<?xml version="1.0" encoding="utf-8"?>
<Project ToolsVersion="4.0" xmlns="http://schemas.microsoft.com/developer/msbuild/2003">
  <ItemGroup>
    <ClCompile Include="src\session.cpp">
      <Filter>src</Filter>
    </ClCompile>
    <ClCompile Include="src\main.cpp">
      <Filter>src</Filter>
    </ClCompile>
    <ClCompile Include="Security\tqcipher.cpp">
      <Filter>Security</Filter>
    </ClCompile>
    <ClCompile Include="src\BGameServer.cpp">
      <Filter>src</Filter>
    </ClCompile>
    <ClCompile Include="Security\diffiehellman.cpp">
      <Filter>Security</Filter>
    </ClCompile>
    <ClCompile Include="Security\blowfish.cpp">
      <Filter>Security</Filter>
    </ClCompile>
    <ClCompile Include="src\third\stringpacker.cpp">
      <Filter>src\third</Filter>
    </ClCompile>
    <ClCompile Include="src\Msg\Msg.cpp">
      <Filter>Msg\src</Filter>
    </ClCompile>
    <ClCompile Include="src\Msg\MsgConnectEx.cpp">
      <Filter>Msg\src</Filter>
    </ClCompile>
    <ClCompile Include="src\Msg\MsgDate.cpp">
      <Filter>Msg\src</Filter>
    </ClCompile>
    <ClCompile Include="src\Msg\MsgLoginChallengeS.cpp">
      <Filter>Msg\src</Filter>
    </ClCompile>
    <ClCompile Include="src\Msg\MsgLoginProofA.cpp">
      <Filter>Msg\src</Filter>
    </ClCompile>
    <ClCompile Include="src\Msg\MsgTalk.cpp">
      <Filter>Msg\src</Filter>
    </ClCompile>
    <ClCompile Include="src\Msg\MsgUserInfo.cpp">
      <Filter>Msg\src</Filter>
    </ClCompile>
    <ClCompile Include="src\Player.cpp">
      <Filter>src</Filter>
    </ClCompile>
    <ClCompile Include="src\sessionPacketHandler.cpp">
      <Filter>src</Filter>
    </ClCompile>
    <ClCompile Include="src\Database\AccountLocal.cpp">
      <Filter>Database</Filter>
    </ClCompile>
    <ClCompile Include="src\Database\CharacterLocal.cpp">
      <Filter>Database</Filter>
    </ClCompile>
    <ClCompile Include="src\Database\DatabaseLocal.cpp">
      <Filter>Database</Filter>
    </ClCompile>
    <ClCompile Include="src\Msg\MsgConnect.cpp">
      <Filter>Msg\src</Filter>
    </ClCompile>
    <ClCompile Include="src\Msg\MsgRegister.cpp">
      <Filter>Msg\src</Filter>
    </ClCompile>
    <ClCompile Include="Security\rc5.cpp">
      <Filter>Security</Filter>
    </ClCompile>
  </ItemGroup>
  <ItemGroup>
    <ClInclude Include="Security\tqcipher.h">
      <Filter>Security</Filter>
    </ClInclude>
    <ClInclude Include="Common\endianness.h">
      <Filter>common</Filter>
    </ClInclude>
    <ClInclude Include="Security\icipher.h">
      <Filter>Security</Filter>
    </ClInclude>
    <ClInclude Include="Common\common.h">
      <Filter>common</Filter>
    </ClInclude>
    <ClInclude Include="Common\types.h">
      <Filter>common</Filter>
    </ClInclude>
    <ClInclude Include="Security\diffiehellman.h">
      <Filter>Security</Filter>
    </ClInclude>
    <ClInclude Include="Security\blowfish.h">
      <Filter>Security</Filter>
    </ClInclude>
    <ClInclude Include="src\third\stringpacker.h">
      <Filter>src\third</Filter>
    </ClInclude>
    <ClInclude Include="src\Msg\Msg.h">
      <Filter>Msg\header</Filter>
    </ClInclude>
    <ClInclude Include="src\Msg\MsgConnectEx.h">
      <Filter>Msg\header</Filter>
    </ClInclude>
    <ClInclude Include="src\Msg\MsgDate.h">
      <Filter>Msg\header</Filter>
    </ClInclude>
    <ClInclude Include="src\Msg\MsgLoginChallengeS.h">
      <Filter>Msg\header</Filter>
    </ClInclude>
    <ClInclude Include="src\Msg\MsgLoginProofA.h">
      <Filter>Msg\header</Filter>
    </ClInclude>
    <ClInclude Include="src\Msg\MsgTalk.h">
      <Filter>Msg\header</Filter>
    </ClInclude>
    <ClInclude Include="src\Msg\MsgUserInfo.h">
      <Filter>Msg\header</Filter>
    </ClInclude>
    <ClInclude Include="src\Player.h">
      <Filter>src</Filter>
    </ClInclude>
    <ClInclude Include="src\Database\AccountLocal.h">
      <Filter>Database</Filter>
    </ClInclude>
    <ClInclude Include="src\Database\CharacterLocal.h">
      <Filter>Database</Filter>
    </ClInclude>
    <ClInclude Include="src\Database\DatabaseLocal.h">
      <Filter>Database</Filter>
    </ClInclude>
    <ClInclude Include="src\Msg\MsgConnect.h">
      <Filter>Msg\header</Filter>
    </ClInclude>
    <ClInclude Include="src\Msg\MsgRegister.h">
      <Filter>Msg\header</Filter>
    </ClInclude>
    <ClInclude Include="src\Msg\AllMsg.h">
      <Filter>Msg</Filter>
    </ClInclude>
    <ClInclude Include="Security\rc5.h">
      <Filter>Security</Filter>
    </ClInclude>
  </ItemGroup>
  <ItemGroup>
    <CustomBuild Include="debug\moc_predefs.h.cbt" />
    <CustomBuild Include="release\moc_predefs.h.cbt" />
  </ItemGroup>
  <ItemGroup>
    <None Include="BGameServer.pro" />
  </ItemGroup>
  <ItemGroup>
    <Filter Include="src">
      <UniqueIdentifier>{7b536f20-8196-4272-9097-0c86d929df1d}</UniqueIdentifier>
    </Filter>
    <Filter Include="Security">
      <UniqueIdentifier>{b7052336-92ae-4a5f-93cf-165cdb021af2}</UniqueIdentifier>
    </Filter>
    <Filter Include="common">
      <UniqueIdentifier>{6539c67c-45b8-48a5-8e65-99974853dd1a}</UniqueIdentifier>
    </Filter>
    <Filter Include="Msg">
      <UniqueIdentifier>{b4456739-b5aa-4faa-a3f0-2e5ca86b58b1}</UniqueIdentifier>
    </Filter>
    <Filter Include="src\third">
      <UniqueIdentifier>{a115baad-64a3-45a6-834d-602c00903b56}</UniqueIdentifier>
    </Filter>
    <Filter Include="Msg\src">
      <UniqueIdentifier>{01d10761-d716-43eb-83bc-da74f86b7c47}</UniqueIdentifier>
    </Filter>
    <Filter Include="Msg\header">
      <UniqueIdentifier>{9ada1001-487c-4ebd-92b4-5343c0fe03df}</UniqueIdentifier>
    </Filter>
    <Filter Include="Database">
      <UniqueIdentifier>{8e1bbeb6-2cf9-4964-b0e5-622a5bd0f51a}</UniqueIdentifier>
    </Filter>
  </ItemGroup>
  <ItemGroup>
    <QtMoc Include="src\session.h">
      <Filter>src</Filter>
    </QtMoc>
    <QtMoc Include="src\BGameServer.h">
      <Filter>src</Filter>
    </QtMoc>
  </ItemGroup>
</Project>